{
  "name": "amd-externals",
  "version": "0.0.1",
  "lockfileVersion": 1,
  "requires": true,
  "dependencies": {
    "core-js": {
      "version": "2.5.7",
      "resolved": "http://registry.npm.taobao.org/core-js/download/core-js-2.5.7.tgz",
      "integrity": "sha1-+XJgj/DOrWi4QaFqky0LGDeRgU4="
    },
    "etpl": {
      "version": "3.2.0",
      "resolved": "http://registry.npm.taobao.org/etpl/download/etpl-3.2.0.tgz",
      "integrity": "sha1-6yCEfQjqsCzbA6eAz3a3V1kzFhs="
    },
    "github-markdown-css": {
      "version": "2.10.0",
      "resolved": "http://registry.npm.taobao.org/github-markdown-css/download/github-markdown-css-2.10.0.tgz",
      "integrity": "sha1-BhL+0igWszsoLzfvje96Tsq/6ZM="
    },
    "mustache": {
      "version": "2.3.2",
      "resolved": "http://registry.npm.taobao.org/mustache/download/mustache-2.3.2.tgz",
      "integrity": "sha1-ptTZw/kdEzWauImoEpVPkjCj0MU="
    }
  }
}
